// !$*UTF8*$!
{
	archiveVersion = 1;
	classes = {
	};
	objectVersion = 50;
	objects = {

/* Begin PBXBuildFile section */
		9D05F05C257064D6007BA287 /* AppDelegate.swift in Sources */ = {isa = PBXBuildFile; fileRef = 9D05F05B257064D6007BA287 /* AppDelegate.swift */; };
		9D05F05E257064D6007BA287 /* SceneDelegate.swift in Sources */ = {isa = PBXBuildFile; fileRef = 9D05F05D257064D6007BA287 /* SceneDelegate.swift */; };
		9D05F060257064D6007BA287 /* SplashViewController.swift in Sources */ = {isa = PBXBuildFile; fileRef = 9D05F05F257064D6007BA287 /* SplashViewController.swift */; };
		9D05F063257064D6007BA287 /* Main.storyboard in Resources */ = {isa = PBXBuildFile; fileRef = 9D05F061257064D6007BA287 /* Main.storyboard */; };
		9D05F065257064D7007BA287 /* Assets.xcassets in Resources */ = {isa = PBXBuildFile; fileRef = 9D05F064257064D7007BA287 /* Assets.xcassets */; };
		9D05F068257064D7007BA287 /* LaunchScreen.storyboard in Resources */ = {isa = PBXBuildFile; fileRef = 9D05F066257064D7007BA287 /* LaunchScreen.storyboard */; };
		9D37230B2576DEB9002B0ED5 /* Friend.swift in Sources */ = {isa = PBXBuildFile; fileRef = 9D37230A2576DEB9002B0ED5 /* Friend.swift */; };
		9D3723102576E196002B0ED5 /* FriendCellView.swift in Sources */ = {isa = PBXBuildFile; fileRef = 9D37230F2576E196002B0ED5 /* FriendCellView.swift */; };
		9D37231625770486002B0ED5 /* FriendCellView.xib in Resources */ = {isa = PBXBuildFile; fileRef = 9D37231525770486002B0ED5 /* FriendCellView.xib */; };
		9D70219A2575A624009F4DDD /* Home.storyboard in Resources */ = {isa = PBXBuildFile; fileRef = 9D7021992575A624009F4DDD /* Home.storyboard */; };
		9D70219D2575AA15009F4DDD /* HomeViewController.swift in Sources */ = {isa = PBXBuildFile; fileRef = 9D70219C2575AA15009F4DDD /* HomeViewController.swift */; };
/* End PBXBuildFile section */

/* Begin PBXFileReference section */
		9D05F058257064D6007BA287 /* Fundamentos1.app */ = {isa = PBXFileReference; explicitFileType = wrapper.application; includeInIndex = 0; path = Fundamentos1.app; sourceTree = BUILT_PRODUCTS_DIR; };
		9D05F05B257064D6007BA287 /* AppDelegate.swift */ = {isa = PBXFileReference; lastKnownFileType = sourcecode.swift; path = AppDelegate.swift; sourceTree = "<group>"; };
		9D05F05D257064D6007BA287 /* SceneDelegate.swift */ = {isa = PBXFileReference; lastKnownFileType = sourcecode.swift; path = SceneDelegate.swift; sourceTree = "<group>"; };
		9D05F05F257064D6007BA287 /* SplashViewController.swift */ = {isa = PBXFileReference; lastKnownFileType = sourcecode.swift; path = SplashViewController.swift; sourceTree = "<group>"; };
		9D05F062257064D6007BA287 /* Base */ = {isa = PBXFileReference; lastKnownFileType = file.storyboard; name = Base; path = Base.lproj/Main.storyboard; sourceTree = "<group>"; };
		9D05F064257064D7007BA287 /* Assets.xcassets */ = {isa = PBXFileReference; lastKnownFileType = folder.assetcatalog; path = Assets.xcassets; sourceTree = "<group>"; };
		9D05F067257064D7007BA287 /* Base */ = {isa = PBXFileReference; lastKnownFileType = file.storyboard; name = Base; path = Base.lproj/LaunchScreen.storyboard; sourceTree = "<group>"; };
		9D05F069257064D7007BA287 /* Info.plist */ = {isa = PBXFileReference; lastKnownFileType = text.plist.xml; path = Info.plist; sourceTree = "<group>"; };
		9D37230A2576DEB9002B0ED5 /* Friend.swift */ = {isa = PBXFileReference; lastKnownFileType = sourcecode.swift; path = Friend.swift; sourceTree = "<group>"; };
		9D37230F2576E196002B0ED5 /* FriendCellView.swift */ = {isa = PBXFileReference; lastKnownFileType = sourcecode.swift; path = FriendCellView.swift; sourceTree = "<group>"; };
		9D37231525770486002B0ED5 /* FriendCellView.xib */ = {isa = PBXFileReference; lastKnownFileType = file.xib; path = FriendCellView.xib; sourceTree = "<group>"; };
		9D7021992575A624009F4DDD /* Home.storyboard */ = {isa = PBXFileReference; lastKnownFileType = file.storyboard; path = Home.storyboard; sourceTree = "<group>"; };
		9D70219C2575AA15009F4DDD /* HomeViewController.swift */ = {isa = PBXFileReference; lastKnownFileType = sourcecode.swift; path = HomeViewController.swift; sourceTree = "<group>"; };
/* End PBXFileReference section */

/* Begin PBXFrameworksBuildPhase section */
		9D05F055257064D6007BA287 /* Frameworks */ = {
			isa = PBXFrameworksBuildPhase;
			buildActionMask = 2147483647;
			files = (
			);
			runOnlyForDeploymentPostprocessing = 0;
		};
/* End PBXFrameworksBuildPhase section */

/* Begin PBXGroup section */
		9D05F04F257064D6007BA287 = {
			isa = PBXGroup;
			children = (
				9D05F05A257064D6007BA287 /* Fundamentos1 */,
				9D05F059257064D6007BA287 /* Products */,
			);
			sourceTree = "<group>";
		};
		9D05F059257064D6007BA287 /* Products */ = {
			isa = PBXGroup;
			children = (
				9D05F058257064D6007BA287 /* Fundamentos1.app */,
			);
			name = Products;
			sourceTree = "<group>";
		};
		9D05F05A257064D6007BA287 /* Fundamentos1 */ = {
			isa = PBXGroup;
			children = (
				9D05F07125706DC6007BA287 /* App */,
				9D3723092576DE80002B0ED5 /* Model */,
				9D05F07225706DCF007BA287 /* Views */,
				9D05F07325706DD8007BA287 /* Controllers */,
				9D05F069257064D7007BA287 /* Info.plist */,
			);
			path = Fundamentos1;
			sourceTree = "<group>";
		};
		9D05F07125706DC6007BA287 /* App */ = {
			isa = PBXGroup;
			children = (
				9D05F05B257064D6007BA287 /* AppDelegate.swift */,
				9D05F05D257064D6007BA287 /* SceneDelegate.swift */,
				9D05F064257064D7007BA287 /* Assets.xcassets */,
			);
			path = App;
			sourceTree = "<group>";
		};
		9D05F07225706DCF007BA287 /* Views */ = {
			isa = PBXGroup;
			children = (
				9D37231425770469002B0ED5 /* Customs */,
				9D05F066257064D7007BA287 /* LaunchScreen.storyboard */,
				9D05F061257064D6007BA287 /* Main.storyboard */,
				9D7021992575A624009F4DDD /* Home.storyboard */,
			);
			path = Views;
			sourceTree = "<group>";
		};
		9D05F07325706DD8007BA287 /* Controllers */ = {
			isa = PBXGroup;
			children = (
				9D05F05F257064D6007BA287 /* SplashViewController.swift */,
				9D70219C2575AA15009F4DDD /* HomeViewController.swift */,
				9D37230E2576E17A002B0ED5 /* Cells */,
			);
			path = Controllers;
			sourceTree = "<group>";
		};
		9D3723092576DE80002B0ED5 /* Model */ = {
			isa = PBXGroup;
			children = (
				9D37230A2576DEB9002B0ED5 /* Friend.swift */,
			);
			path = Model;
			sourceTree = "<group>";
		};
		9D37230E2576E17A002B0ED5 /* Cells */ = {
			isa = PBXGroup;
			children = (
				9D37230F2576E196002B0ED5 /* FriendCellView.swift */,
			);
			path = Cells;
			sourceTree = "<group>";
		};
		9D37231425770469002B0ED5 /* Customs */ = {
			isa = PBXGroup;
			children = (
				9D37231525770486002B0ED5 /* FriendCellView.xib */,
			);
			path = Customs;
			sourceTree = "<group>";
		};
/* End PBXGroup section */

/* Begin PBXNativeTarget section */
		9D05F057257064D6007BA287 /* Fundamentos1 */ = {
			isa = PBXNativeTarget;
			buildConfigurationList = 9D05F06C257064D7007BA287 /* Build configuration list for PBXNativeTarget "Fundamentos1" */;
			buildPhases = (
				9D05F054257064D6007BA287 /* Sources */,
				9D05F055257064D6007BA287 /* Frameworks */,
				9D05F056257064D6007BA287 /* Resources */,
			);
			buildRules = (
			);
			dependencies = (
			);
			name = Fundamentos1;
			productName = Fundamentos1;
			productReference = 9D05F058257064D6007BA287 /* Fundamentos1.app */;
			productType = "com.apple.product-type.application";
		};
/* End PBXNativeTarget section */

/* Begin PBXProject section */
		9D05F050257064D6007BA287 /* Project object */ = {
			isa = PBXProject;
			attributes = {
				LastSwiftUpdateCheck = 1220;
				LastUpgradeCheck = 1220;
				TargetAttributes = {
					9D05F057257064D6007BA287 = {
						CreatedOnToolsVersion = 12.2;
					};
				};
			};
			buildConfigurationList = 9D05F053257064D6007BA287 /* Build configuration list for PBXProject "Fundamentos1" */;
			compatibilityVersion = "Xcode 9.3";
			developmentRegion = en;
			hasScannedForEncodings = 0;
			knownRegions = (
				en,
				Base,
			);
			mainGroup = 9D05F04F257064D6007BA287;
			productRefGroup = 9D05F059257064D6007BA287 /* Products */;
			projectDirPath = "";
			projectRoot = "";
			targets = (
				9D05F057257064D6007BA287 /* Fundamentos1 */,
			);
		};
/* End PBXProject section */

/* Begin PBXResourcesBuildPhase section */
		9D05F056257064D6007BA287 /* Resources */ = {
			isa = PBXResourcesBuildPhase;
			buildActionMask = 2147483647;
			files = (
				9D05F068257064D7007BA287 /* LaunchScreen.storyboard in Resources */,
				9D05F065257064D7007BA287 /* Assets.xcassets in Resources */,
				9D05F063257064D6007BA287 /* Main.storyboard in Resources */,
				9D37231625770486002B0ED5 /* FriendCellView.xib in Resources */,
				9D70219A2575A624009F4DDD /* Home.storyboard in Resources */,
			);
			runOnlyForDeploymentPostprocessing = 0;
		};
/* End PBXResourcesBuildPhase section */

/* Begin PBXSourcesBuildPhase section */
		9D05F054257064D6007BA287 /* Sources */ = {
			isa = PBXSourcesBuildPhase;
			buildActionMask = 2147483647;
			files = (
				9D05F060257064D6007BA287 /* SplashViewController.swift in Sources */,
				9D05F05C257064D6007BA287 /* AppDelegate.swift in Sources */,
				9D3723102576E196002B0ED5 /* FriendCellView.swift in Sources */,
				9D37230B2576DEB9002B0ED5 /* Friend.swift in Sources */,
				9D05F05E257064D6007BA287 /* SceneDelegate.swift in Sources */,
				9D70219D2575AA15009F4DDD /* HomeViewController.swift in Sources */,
			);
			runOnlyForDeploymentPostprocessing = 0;
		};
/* End PBXSourcesBuildPhase section */

/* Begin PBXVariantGroup section */
		9D05F061257064D6007BA287 /* Main.storyboard */ = {
			isa = PBXVariantGroup;
			children = (
				9D05F062257064D6007BA287 /* Base */,
			);
			name = Main.storyboard;
			sourceTree = "<group>";
		};
		9D05F066257064D7007BA287 /* LaunchScreen.storyboard */ = {
			isa = PBXVariantGroup;
			children = (
				9D05F067257064D7007BA287 /* Base */,
			);
			name = LaunchScreen.storyboard;
			sourceTree = "<group>";
		};
/* End PBXVariantGroup section */

/* Begin XCBuildConfiguration section */
		9D05F06A257064D7007BA287 /* Debug */ = {
			isa = XCBuildConfiguration;
			buildSettings = {
				ALWAYS_SEARCH_USER_PATHS = NO;
				CLANG_ANALYZER_NONNULL = YES;
				CLANG_ANALYZER_NUMBER_OBJECT_CONVERSION = YES_AGGRESSIVE;
				CLANG_CXX_LANGUAGE_STANDARD = "gnu++14";
				CLANG_CXX_LIBRARY = "libc++";
				CLANG_ENABLE_MODULES = YES;
				CLANG_ENABLE_OBJC_ARC = YES;
				CLANG_ENABLE_OBJC_WEAK = YES;
				CLANG_WARN_BLOCK_CAPTURE_AUTORELEASING = YES;
				CLANG_WARN_BOOL_CONVERSION = YES;
				CLANG_WARN_COMMA = YES;
				CLANG_WARN_CONSTANT_CONVERSION = YES;
				CLANG_WARN_DEPRECATED_OBJC_IMPLEMENTATIONS = YES;
				CLANG_WARN_DIRECT_OBJC_ISA_USAGE = YES_ERROR;
				CLANG_WARN_DOCUMENTATION_COMMENTS = YES;
				CLANG_WARN_EMPTY_BODY = YES;
				CLANG_WARN_ENUM_CONVERSION = YES;
				CLANG_WARN_INFINITE_RECURSION = YES;
				CLANG_WARN_INT_CONVERSION = YES;
				CLANG_WARN_NON_LITERAL_NULL_CONVERSION = YES;
				CLANG_WARN_OBJC_IMPLICIT_RETAIN_SELF = YES;
				CLANG_WARN_OBJC_LITERAL_CONVERSION = YES;
				CLANG_WARN_OBJC_ROOT_CLASS = YES_ERROR;
				CLANG_WARN_QUOTED_INCLUDE_IN_FRAMEWORK_HEADER = YES;
				CLANG_WARN_RANGE_LOOP_ANALYSIS = YES;
				CLANG_WARN_STRICT_PROTOTYPES = YES;
				CLANG_WARN_SUSPICIOUS_MOVE = YES;
				CLANG_WARN_UNGUARDED_AVAILABILITY = YES_AGGRESSIVE;
				CLANG_WARN_UNREACHABLE_CODE = YES;
				CLANG_WARN__DUPLICATE_METHOD_MATCH = YES;
				COPY_PHASE_STRIP = NO;
				DEBUG_INFORMATION_FORMAT = dwarf;
				ENABLE_STRICT_OBJC_MSGSEND = YES;
				ENABLE_TESTABILITY = YES;
				GCC_C_LANGUAGE_STANDARD = gnu11;
				GCC_DYNAMIC_NO_PIC = NO;
				GCC_NO_COMMON_BLOCKS = YES;
				GCC_OPTIMIZATION_LEVEL = 0;
				GCC_PREPROCESSOR_DEFINITIONS = (
					"DEBUG=1",
					"$(inherited)",
				);
				GCC_WARN_64_TO_32_BIT_CONVERSION = YES;
				GCC_WARN_ABOUT_RETURN_TYPE = YES_ERROR;
				GCC_WARN_UNDECLARED_SELECTOR = YES;
				GCC_WARN_UNINITIALIZED_AUTOS = YES_AGGRESSIVE;
				GCC_WARN_UNUSED_FUNCTION = YES;
				GCC_WARN_UNUSED_VARIABLE = YES;
				IPHONEOS_DEPLOYMENT_TARGET = 14.0;
				MTL_ENABLE_DEBUG_INFO = INCLUDE_SOURCE;
				MTL_FAST_MATH = YES;
				ONLY_ACTIVE_ARCH = YES;
				SDKROOT = iphoneos;
				SWIFT_ACTIVE_COMPILATION_CONDITIONS = DEBUG;
				SWIFT_OPTIMIZATION_LEVEL = "-Onone";
			};
			name = Debug;
		};
		9D05F06B257064D7007BA287 /* Release */ = {
			isa = XCBuildConfiguration;
			buildSettings = {
				ALWAYS_SEARCH_USER_PATHS = NO;
				CLANG_ANALYZER_NONNULL = YES;
				CLANG_ANALYZER_NUMBER_OBJECT_CONVERSION = YES_AGGRESSIVE;
				CLANG_CXX_LANGUAGE_STANDARD = "gnu++14";
				CLANG_CXX_LIBRARY = "libc++";
				CLANG_ENABLE_MODULES = YES;
				CLANG_ENABLE_OBJC_ARC = YES;
				CLANG_ENABLE_OBJC_WEAK = YES;
				CLANG_WARN_BLOCK_CAPTURE_AUTORELEASING = YES;
				CLANG_WARN_BOOL_CONVERSION = YES;
				CLANG_WARN_COMMA = YES;
				CLANG_WARN_CONSTANT_CONVERSION = YES;
				CLANG_WARN_DEPRECATED_OBJC_IMPLEMENTATIONS = YES;
				CLANG_WARN_DIRECT_OBJC_ISA_USAGE = YES_ERROR;
				CLANG_WARN_DOCUMENTATION_COMMENTS = YES;
				CLANG_WARN_EMPTY_BODY = YES;
				CLANG_WARN_ENUM_CONVERSION = YES;
				CLANG_WARN_INFINITE_RECURSION = YES;
				CLANG_WARN_INT_CONVERSION = YES;
				CLANG_WARN_NON_LITERAL_NULL_CONVERSION = YES;
				CLANG_WARN_OBJC_IMPLICIT_RETAIN_SELF = YES;
				CLANG_WARN_OBJC_LITERAL_CONVERSION = YES;
				CLANG_WARN_OBJC_ROOT_CLASS = YES_ERROR;
				CLANG_WARN_QUOTED_INCLUDE_IN_FRAMEWORK_HEADER = YES;
				CLANG_WARN_RANGE_LOOP_ANALYSIS = YES;
				CLANG_WARN_STRICT_PROTOTYPES = YES;
				CLANG_WARN_SUSPICIOUS_MOVE = YES;
				CLANG_WARN_UNGUARDED_AVAILABILITY = YES_AGGRESSIVE;
				CLANG_WARN_UNREACHABLE_CODE = YES;
				CLANG_WARN__DUPLICATE_METHOD_MATCH = YES;
				COPY_PHASE_STRIP = NO;
				DEBUG_INFORMATION_FORMAT = "dwarf-with-dsym";
				ENABLE_NS_ASSERTIONS = NO;
				ENABLE_STRICT_OBJC_MSGSEND = YES;
				GCC_C_LANGUAGE_STANDARD = gnu11;
				GCC_NO_COMMON_BLOCKS = YES;
				GCC_WARN_64_TO_32_BIT_CONVERSION = YES;
				GCC_WARN_ABOUT_RETURN_TYPE = YES_ERROR;
				GCC_WARN_UNDECLARED_SELECTOR = YES;
				GCC_WARN_UNINITIALIZED_AUTOS = YES_AGGRESSIVE;
				GCC_WARN_UNUSED_FUNCTION = YES;
				GCC_WARN_UNUSED_VARIABLE = YES;
				IPHONEOS_DEPLOYMENT_TARGET = 14.0;
				MTL_ENABLE_DEBUG_INFO = NO;
				MTL_FAST_MATH = YES;
				SDKROOT = iphoneos;
				SWIFT_COMPILATION_MODE = wholemodule;
				SWIFT_OPTIMIZATION_LEVEL = "-O";
				VALIDATE_PRODUCT = YES;
			};
			name = Release;
		};
		9D05F06D257064D7007BA287 /* Debug */ = {
			isa = XCBuildConfiguration;
			buildSettings = {
				ASSETCATALOG_COMPILER_APPICON_NAME = AppIcon;
				ASSETCATALOG_COMPILER_GLOBAL_ACCENT_COLOR_NAME = AccentColor;
				CODE_SIGN_STYLE = Automatic;
				DEVELOPMENT_TEAM = 5LXPJ38PN5;
				INFOPLIST_FILE = Fundamentos1/Info.plist;
				LD_RUNPATH_SEARCH_PATHS = (
					"$(inherited)",
					"@executable_path/Frameworks",
				);
				PRODUCT_BUNDLE_IDENTIFIER = com.peresapy.Fundamentos1;
				PRODUCT_NAME = "$(TARGET_NAME)";
				SWIFT_VERSION = 5.0;
				TARGETED_DEVICE_FAMILY = "1,2";
			};
			name = Debug;
		};
		9D05F06E257064D7007BA287 /* Release */ = {
			isa = XCBuildConfiguration;
			buildSettings = {
				ASSETCATALOG_COMPILER_APPICON_NAME = AppIcon;
				ASSETCATALOG_COMPILER_GLOBAL_ACCENT_COLOR_NAME = AccentColor;
				CODE_SIGN_STYLE = Automatic;
				DEVELOPMENT_TEAM = 5LXPJ38PN5;
				INFOPLIST_FILE = Fundamentos1/Info.plist;
				LD_RUNPATH_SEARCH_PATHS = (
					"$(inherited)",
					"@executable_path/Frameworks",
				);
				PRODUCT_BUNDLE_IDENTIFIER = com.peresapy.Fundamentos1;
				PRODUCT_NAME = "$(TARGET_NAME)";
				SWIFT_VERSION = 5.0;
				TARGETED_DEVICE_FAMILY = "1,2";
			};
			name = Release;
		};
/* End XCBuildConfiguration section */

/* Begin XCConfigurationList section */
		9D05F053257064D6007BA287 /* Build configuration list for PBXProject "Fundamentos1" */ = {
			isa = XCConfigurationList;
			buildConfigurations = (
				9D05F06A257064D7007BA287 /* Debug */,
				9D05F06B257064D7007BA287 /* Release */,
			);
			defaultConfigurationIsVisible = 0;
			defaultConfigurationName = Release;
		};
		9D05F06C257064D7007BA287 /* Build configuration list for PBXNativeTarget "Fundamentos1" */ = {
			isa = XCConfigurationList;
			buildConfigurations = (
				9D05F06D257064D7007BA287 /* Debug */,
				9D05F06E257064D7007BA287 /* Release */,
			);
			defaultConfigurationIsVisible = 0;
			defaultConfigurationName = Release;
		};
/* End XCConfigurationList section */
	};
	rootObject = 9D05F050257064D6007BA287 /* Project object */;
}
